
Microsoft Visual Studio Solution File, Format Version 12.00
# Visual Studio Version 17
VisualStudioVersion = 17.8.34322.80
MinimumVisualStudioVersion = 10.0.40219.1
Project("{FAE04EC0-301F-11D3-BF4B-00C04F79EFBC}") = "SuperHeroApp", "SuperHeroApp\SuperHeroApp.csproj", "{0F2006C6-95C8-462B-8D95-4E2295C4A3BC}"
EndProject
Global
	GlobalSection(SolutionConfigurationPlatforms) = preSolution
		Debug|Any CPU = Debug|Any CPU
		Release|Any CPU = Release|Any CPU
	EndGlobalSection
	GlobalSection(ProjectConfigurationPlatforms) = postSolution
		{0F2006C6-95C8-462B-8D95-4E2295C4A3BC}.Debug|Any CPU.ActiveCfg = Debug|Any CPU
		{0F2006C6-95C8-462B-8D95-4E2295C4A3BC}.Debug|Any CPU.Build.0 = Debug|Any CPU
		{0F2006C6-95C8-462B-8D95-4E2295C4A3BC}.Release|Any CPU.ActiveCfg = Release|Any CPU
		{0F2006C6-95C8-462B-8D95-4E2295C4A3BC}.Release|Any CPU.Build.0 = Release|Any CPU
	EndGlobalSection
	GlobalSection(SolutionProperties) = preSolution
		HideSolutionNode = FALSE
	EndGlobalSection
	GlobalSection(ExtensibilityGlobals) = postSolution
		SolutionGuid = {ED95499C-EC6E-4A89-B8E3-D42EB2E72960}
	EndGlobalSection
EndGlobal
